
Microsoft Visual Studio Solution File, Format Version 12.00
# Visual Studio Version 17
VisualStudioVersion = 17.0.31903.59
MinimumVisualStudioVersion = 10.0.40219.1
Project("{2150E333-8FDC-42A3-9474-1A3956D46DE8}") = "src", "src", "{7E84C868-D7F9-4E24-8719-35DB4ABD238B}"
EndProject
Project("{FAE04EC0-301F-11D3-BF4B-00C04F79EFBC}") = "TrafficCamera.Generator", "src\TrafficCamera.Generator\TrafficCamera.Generator.csproj", "{DF7C24E4-E42C-4D83-BB23-FF9619527EAA}"
EndProject
Project("{FAE04EC0-301F-11D3-BF4B-00C04F79EFBC}") = "TrafficCamera", "src\TrafficCamera\TrafficCamera.csproj", "{C945FA2B-08D7-4B27-A3C6-635DDEE766C0}"
EndProject
Project("{FAE04EC0-301F-11D3-BF4B-00C04F79EFBC}") = "TrafficCamera.Shared", "src\TrafficCamera.Shared\TrafficCamera.Shared.csproj", "{4B78F7B1-495D-4F20-A648-1C08B8B71F05}"
EndProject
Project("{2150E333-8FDC-42A3-9474-1A3956D46DE8}") = "test", "test", "{F733AFE3-ECEB-486B-B2B8-89A534FEE5A2}"
EndProject
Project("{FAE04EC0-301F-11D3-BF4B-00C04F79EFBC}") = "TrafficCamera.Tests", "test\TrafficCamera.Tests\TrafficCamera.Tests.csproj", "{AAB9C4BB-3F46-4328-8E97-7F7DD7455D50}"
EndProject
Project("{2150E333-8FDC-42A3-9474-1A3956D46DE8}") = "benchmarks", "benchmarks", "{E47AF8CA-F188-48DB-BA10-46CBB3CB05EA}"
EndProject
Project("{FAE04EC0-301F-11D3-BF4B-00C04F79EFBC}") = "TrafficCamera.Benchmarks", "benchmarks\TrafficCamera.Benchmarks\TrafficCamera.Benchmarks.csproj", "{5C34F7AA-B72B-4818-BBA1-0F73CFA53373}"
EndProject
Global
	GlobalSection(SolutionConfigurationPlatforms) = preSolution
		Debug|Any CPU = Debug|Any CPU
		Release|Any CPU = Release|Any CPU
	EndGlobalSection
	GlobalSection(SolutionProperties) = preSolution
		HideSolutionNode = FALSE
	EndGlobalSection
	GlobalSection(ProjectConfigurationPlatforms) = postSolution
		{DF7C24E4-E42C-4D83-BB23-FF9619527EAA}.Debug|Any CPU.ActiveCfg = Debug|Any CPU
		{DF7C24E4-E42C-4D83-BB23-FF9619527EAA}.Debug|Any CPU.Build.0 = Debug|Any CPU
		{DF7C24E4-E42C-4D83-BB23-FF9619527EAA}.Release|Any CPU.ActiveCfg = Release|Any CPU
		{DF7C24E4-E42C-4D83-BB23-FF9619527EAA}.Release|Any CPU.Build.0 = Release|Any CPU
		{C945FA2B-08D7-4B27-A3C6-635DDEE766C0}.Debug|Any CPU.ActiveCfg = Debug|Any CPU
		{C945FA2B-08D7-4B27-A3C6-635DDEE766C0}.Debug|Any CPU.Build.0 = Debug|Any CPU
		{C945FA2B-08D7-4B27-A3C6-635DDEE766C0}.Release|Any CPU.ActiveCfg = Release|Any CPU
		{C945FA2B-08D7-4B27-A3C6-635DDEE766C0}.Release|Any CPU.Build.0 = Release|Any CPU
		{4B78F7B1-495D-4F20-A648-1C08B8B71F05}.Debug|Any CPU.ActiveCfg = Debug|Any CPU
		{4B78F7B1-495D-4F20-A648-1C08B8B71F05}.Debug|Any CPU.Build.0 = Debug|Any CPU
		{4B78F7B1-495D-4F20-A648-1C08B8B71F05}.Release|Any CPU.ActiveCfg = Release|Any CPU
		{4B78F7B1-495D-4F20-A648-1C08B8B71F05}.Release|Any CPU.Build.0 = Release|Any CPU
		{AAB9C4BB-3F46-4328-8E97-7F7DD7455D50}.Debug|Any CPU.ActiveCfg = Debug|Any CPU
		{AAB9C4BB-3F46-4328-8E97-7F7DD7455D50}.Debug|Any CPU.Build.0 = Debug|Any CPU
		{AAB9C4BB-3F46-4328-8E97-7F7DD7455D50}.Release|Any CPU.ActiveCfg = Release|Any CPU
		{AAB9C4BB-3F46-4328-8E97-7F7DD7455D50}.Release|Any CPU.Build.0 = Release|Any CPU
		{5C34F7AA-B72B-4818-BBA1-0F73CFA53373}.Debug|Any CPU.ActiveCfg = Debug|Any CPU
		{5C34F7AA-B72B-4818-BBA1-0F73CFA53373}.Debug|Any CPU.Build.0 = Debug|Any CPU
		{5C34F7AA-B72B-4818-BBA1-0F73CFA53373}.Release|Any CPU.ActiveCfg = Release|Any CPU
		{5C34F7AA-B72B-4818-BBA1-0F73CFA53373}.Release|Any CPU.Build.0 = Release|Any CPU
	EndGlobalSection
	GlobalSection(NestedProjects) = preSolution
		{DF7C24E4-E42C-4D83-BB23-FF9619527EAA} = {7E84C868-D7F9-4E24-8719-35DB4ABD238B}
		{C945FA2B-08D7-4B27-A3C6-635DDEE766C0} = {7E84C868-D7F9-4E24-8719-35DB4ABD238B}
		{4B78F7B1-495D-4F20-A648-1C08B8B71F05} = {7E84C868-D7F9-4E24-8719-35DB4ABD238B}
		{AAB9C4BB-3F46-4328-8E97-7F7DD7455D50} = {F733AFE3-ECEB-486B-B2B8-89A534FEE5A2}
		{5C34F7AA-B72B-4818-BBA1-0F73CFA53373} = {E47AF8CA-F188-48DB-BA10-46CBB3CB05EA}
	EndGlobalSection
EndGlobal
