
Microsoft Visual Studio Solution File, Format Version 12.00
# Visual Studio Version 17
VisualStudioVersion = 17.0.31903.59
MinimumVisualStudioVersion = 10.0.40219.1
Project("{2150E333-8FDC-42A3-9474-1A3956D46DE8}") = "src", "src", "{B6EB1222-9148-46F6-B891-838BA970BB21}"
EndProject
Project("{FAE04EC0-301F-11D3-BF4B-00C04F79EFBC}") = "AoT", "src\AoT\AoT.csproj", "{A371BA11-087A-4C15-A2EA-B36710C117B9}"
EndProject
Project("{FAE04EC0-301F-11D3-BF4B-00C04F79EFBC}") = "Minimal", "src\Minimal\Minimal.csproj", "{48FB3F3F-5935-4004-BF1E-BE31E5B489E6}"
EndProject
Project("{FAE04EC0-301F-11D3-BF4B-00C04F79EFBC}") = "Controlling", "src\Controlling\Controlling.csproj", "{D7D30EA0-20BA-429F-BBEF-6C2B1D5B8CE9}"
EndProject
Project("{2150E333-8FDC-42A3-9474-1A3956D46DE8}") = "test", "test", "{41C10228-71F2-4CEE-859B-644309099C35}"
EndProject
Project("{FAE04EC0-301F-11D3-BF4B-00C04F79EFBC}") = "LoadTests", "test\LoadTests\LoadTests.csproj", "{3C89890C-229D-43C6-9860-3BBD5F453CFC}"
EndProject
Project("{FAE04EC0-301F-11D3-BF4B-00C04F79EFBC}") = "LoadTests.AppHost", "src\LoadTests.AppHost\LoadTests.AppHost.csproj", "{B6800E57-4F6F-4203-9F05-6EE6D690A7D1}"
EndProject
Project("{FAE04EC0-301F-11D3-BF4B-00C04F79EFBC}") = "LoadTests.ServiceDefaults", "src\LoadTests.ServiceDefaults\LoadTests.ServiceDefaults.csproj", "{96AA526F-6FD0-48F8-8571-2D7528B0AD89}"
EndProject
Project("{FAE04EC0-301F-11D3-BF4B-00C04F79EFBC}") = "WeatherForecasts", "src\WeatherForecasts\WeatherForecasts.csproj", "{BB68707D-0C66-4CFC-ACC6-7B48B84FADA5}"
EndProject
Global
	GlobalSection(SolutionConfigurationPlatforms) = preSolution
		Debug|Any CPU = Debug|Any CPU
		Release|Any CPU = Release|Any CPU
	EndGlobalSection
	GlobalSection(SolutionProperties) = preSolution
		HideSolutionNode = FALSE
	EndGlobalSection
	GlobalSection(ProjectConfigurationPlatforms) = postSolution
		{A371BA11-087A-4C15-A2EA-B36710C117B9}.Debug|Any CPU.ActiveCfg = Debug|Any CPU
		{A371BA11-087A-4C15-A2EA-B36710C117B9}.Debug|Any CPU.Build.0 = Debug|Any CPU
		{A371BA11-087A-4C15-A2EA-B36710C117B9}.Release|Any CPU.ActiveCfg = Release|Any CPU
		{A371BA11-087A-4C15-A2EA-B36710C117B9}.Release|Any CPU.Build.0 = Release|Any CPU
		{48FB3F3F-5935-4004-BF1E-BE31E5B489E6}.Debug|Any CPU.ActiveCfg = Debug|Any CPU
		{48FB3F3F-5935-4004-BF1E-BE31E5B489E6}.Debug|Any CPU.Build.0 = Debug|Any CPU
		{48FB3F3F-5935-4004-BF1E-BE31E5B489E6}.Release|Any CPU.ActiveCfg = Release|Any CPU
		{48FB3F3F-5935-4004-BF1E-BE31E5B489E6}.Release|Any CPU.Build.0 = Release|Any CPU
		{D7D30EA0-20BA-429F-BBEF-6C2B1D5B8CE9}.Debug|Any CPU.ActiveCfg = Debug|Any CPU
		{D7D30EA0-20BA-429F-BBEF-6C2B1D5B8CE9}.Debug|Any CPU.Build.0 = Debug|Any CPU
		{D7D30EA0-20BA-429F-BBEF-6C2B1D5B8CE9}.Release|Any CPU.ActiveCfg = Release|Any CPU
		{D7D30EA0-20BA-429F-BBEF-6C2B1D5B8CE9}.Release|Any CPU.Build.0 = Release|Any CPU
		{3C89890C-229D-43C6-9860-3BBD5F453CFC}.Debug|Any CPU.ActiveCfg = Debug|Any CPU
		{3C89890C-229D-43C6-9860-3BBD5F453CFC}.Debug|Any CPU.Build.0 = Debug|Any CPU
		{3C89890C-229D-43C6-9860-3BBD5F453CFC}.Release|Any CPU.ActiveCfg = Release|Any CPU
		{3C89890C-229D-43C6-9860-3BBD5F453CFC}.Release|Any CPU.Build.0 = Release|Any CPU
		{B6800E57-4F6F-4203-9F05-6EE6D690A7D1}.Debug|Any CPU.ActiveCfg = Debug|Any CPU
		{B6800E57-4F6F-4203-9F05-6EE6D690A7D1}.Debug|Any CPU.Build.0 = Debug|Any CPU
		{B6800E57-4F6F-4203-9F05-6EE6D690A7D1}.Release|Any CPU.ActiveCfg = Release|Any CPU
		{B6800E57-4F6F-4203-9F05-6EE6D690A7D1}.Release|Any CPU.Build.0 = Release|Any CPU
		{96AA526F-6FD0-48F8-8571-2D7528B0AD89}.Debug|Any CPU.ActiveCfg = Debug|Any CPU
		{96AA526F-6FD0-48F8-8571-2D7528B0AD89}.Debug|Any CPU.Build.0 = Debug|Any CPU
		{96AA526F-6FD0-48F8-8571-2D7528B0AD89}.Release|Any CPU.ActiveCfg = Release|Any CPU
		{96AA526F-6FD0-48F8-8571-2D7528B0AD89}.Release|Any CPU.Build.0 = Release|Any CPU
		{BB68707D-0C66-4CFC-ACC6-7B48B84FADA5}.Debug|Any CPU.ActiveCfg = Debug|Any CPU
		{BB68707D-0C66-4CFC-ACC6-7B48B84FADA5}.Debug|Any CPU.Build.0 = Debug|Any CPU
		{BB68707D-0C66-4CFC-ACC6-7B48B84FADA5}.Release|Any CPU.ActiveCfg = Release|Any CPU
		{BB68707D-0C66-4CFC-ACC6-7B48B84FADA5}.Release|Any CPU.Build.0 = Release|Any CPU
	EndGlobalSection
	GlobalSection(NestedProjects) = preSolution
		{A371BA11-087A-4C15-A2EA-B36710C117B9} = {B6EB1222-9148-46F6-B891-838BA970BB21}
		{48FB3F3F-5935-4004-BF1E-BE31E5B489E6} = {B6EB1222-9148-46F6-B891-838BA970BB21}
		{D7D30EA0-20BA-429F-BBEF-6C2B1D5B8CE9} = {B6EB1222-9148-46F6-B891-838BA970BB21}
		{3C89890C-229D-43C6-9860-3BBD5F453CFC} = {41C10228-71F2-4CEE-859B-644309099C35}
		{B6800E57-4F6F-4203-9F05-6EE6D690A7D1} = {B6EB1222-9148-46F6-B891-838BA970BB21}
		{96AA526F-6FD0-48F8-8571-2D7528B0AD89} = {B6EB1222-9148-46F6-B891-838BA970BB21}
		{BB68707D-0C66-4CFC-ACC6-7B48B84FADA5} = {B6EB1222-9148-46F6-B891-838BA970BB21}
	EndGlobalSection
EndGlobal
