
Microsoft Visual Studio Solution File, Format Version 12.00
# Visual Studio Version 17
VisualStudioVersion = 17.0.31903.59
MinimumVisualStudioVersion = 10.0.40219.1
Project("{2150E333-8FDC-42A3-9474-1A3956D46DE8}") = "src", "src", "{57A2276D-A506-4ADA-B049-5C938F20B2FD}"
EndProject
Project("{FAE04EC0-301F-11D3-BF4B-00C04F79EFBC}") = "AoT", "src\AoT\AoT.csproj", "{139A9927-F178-49F4-A684-90487DE6FF4B}"
EndProject
Project("{FAE04EC0-301F-11D3-BF4B-00C04F79EFBC}") = "Controlling", "src\Controlling\Controlling.csproj", "{70BB94C0-25FC-4F26-8DE8-C775802FE468}"
EndProject
Project("{FAE04EC0-301F-11D3-BF4B-00C04F79EFBC}") = "Minimal", "src\Minimal\Minimal.csproj", "{BD67F391-C0E9-4A45-A747-B25BC65FEE4F}"
EndProject
Global
	GlobalSection(SolutionConfigurationPlatforms) = preSolution
		Debug|Any CPU = Debug|Any CPU
		Release|Any CPU = Release|Any CPU
	EndGlobalSection
	GlobalSection(SolutionProperties) = preSolution
		HideSolutionNode = FALSE
	EndGlobalSection
	GlobalSection(ProjectConfigurationPlatforms) = postSolution
		{139A9927-F178-49F4-A684-90487DE6FF4B}.Debug|Any CPU.ActiveCfg = Debug|Any CPU
		{139A9927-F178-49F4-A684-90487DE6FF4B}.Debug|Any CPU.Build.0 = Debug|Any CPU
		{139A9927-F178-49F4-A684-90487DE6FF4B}.Release|Any CPU.ActiveCfg = Release|Any CPU
		{139A9927-F178-49F4-A684-90487DE6FF4B}.Release|Any CPU.Build.0 = Release|Any CPU
		{70BB94C0-25FC-4F26-8DE8-C775802FE468}.Debug|Any CPU.ActiveCfg = Debug|Any CPU
		{70BB94C0-25FC-4F26-8DE8-C775802FE468}.Debug|Any CPU.Build.0 = Debug|Any CPU
		{70BB94C0-25FC-4F26-8DE8-C775802FE468}.Release|Any CPU.ActiveCfg = Release|Any CPU
		{70BB94C0-25FC-4F26-8DE8-C775802FE468}.Release|Any CPU.Build.0 = Release|Any CPU
		{BD67F391-C0E9-4A45-A747-B25BC65FEE4F}.Debug|Any CPU.ActiveCfg = Debug|Any CPU
		{BD67F391-C0E9-4A45-A747-B25BC65FEE4F}.Debug|Any CPU.Build.0 = Debug|Any CPU
		{BD67F391-C0E9-4A45-A747-B25BC65FEE4F}.Release|Any CPU.ActiveCfg = Release|Any CPU
		{BD67F391-C0E9-4A45-A747-B25BC65FEE4F}.Release|Any CPU.Build.0 = Release|Any CPU
	EndGlobalSection
	GlobalSection(NestedProjects) = preSolution
		{139A9927-F178-49F4-A684-90487DE6FF4B} = {57A2276D-A506-4ADA-B049-5C938F20B2FD}
		{70BB94C0-25FC-4F26-8DE8-C775802FE468} = {57A2276D-A506-4ADA-B049-5C938F20B2FD}
		{BD67F391-C0E9-4A45-A747-B25BC65FEE4F} = {57A2276D-A506-4ADA-B049-5C938F20B2FD}
	EndGlobalSection
EndGlobal
